
Microsoft Visual Studio Solution File, Format Version 12.00
# Visual Studio Version 16
VisualStudioVersion = 16.0.31424.327
MinimumVisualStudioVersion = 10.0.40219.1
Project("{2150E333-8FDC-42A3-9474-1A3956D46DE8}") = "Src", "Src", "{A31E5257-1492-487B-96B1-371D9B48C17B}"
EndProject
Project("{2150E333-8FDC-42A3-9474-1A3956D46DE8}") = "Core", "Core", "{5B19CD9D-5BCB-4B1F-A392-0D546D796450}"
EndProject
Project("{2150E333-8FDC-42A3-9474-1A3956D46DE8}") = "Persistence", "Persistence", "{D11390A4-E556-42E4-BD7F-853BCA3F69A3}"
EndProject
Project("{2150E333-8FDC-42A3-9474-1A3956D46DE8}") = "Infrastructure", "Infrastructure", "{2D76B7DC-ED69-4C94-B02E-35F88A7649B6}"
EndProject
Project("{2150E333-8FDC-42A3-9474-1A3956D46DE8}") = "Host", "Host", "{6AB3E4ED-55D8-4215-86EE-FAF44A0F707B}"
EndProject
Project("{2150E333-8FDC-42A3-9474-1A3956D46DE8}") = "Microservice", "Microservice", "{C96974E0-36E1-4416-8C9D-60D5DB23E48C}"
EndProject
Project("{2150E333-8FDC-42A3-9474-1A3956D46DE8}") = "WebForm", "WebForm", "{669609DB-C39E-481C-AB89-7AA4908A49F6}"
EndProject
Project("{2150E333-8FDC-42A3-9474-1A3956D46DE8}") = "DotNetCoreWeb", "DotNetCoreWeb", "{A875A172-845C-4A81-9FF4-6BED07FFFC01}"
EndProject
Project("{FAE04EC0-301F-11D3-BF4B-00C04F79EFBC}") = "SmartApp.WebForm", "SmartApp.WebForm\SmartApp.WebForm.csproj", "{4315D370-CAA4-4106-BAF5-71EC7AF7F33E}"
EndProject
Project("{FAE04EC0-301F-11D3-BF4B-00C04F79EFBC}") = "SmartApp.WebForm.Tests", "WebForm\SmartApp.WebForm.Tests\SmartApp.WebForm.Tests.csproj", "{2317101F-4B67-4C86-9A6F-480D15C32D32}"
EndProject
Project("{FAE04EC0-301F-11D3-BF4B-00C04F79EFBC}") = "SmartApp.DotNetCore", "SmartApp.DotNetCore\SmartApp.DotNetCore.csproj", "{F697B5E9-BD29-4D10-AA3E-8C96EC250305}"
EndProject
Project("{FAE04EC0-301F-11D3-BF4B-00C04F79EFBC}") = "Domain", "Domain\Domain.csproj", "{2E2E8404-160F-42BB-85D2-D67233D534CF}"
EndProject
Project("{FAE04EC0-301F-11D3-BF4B-00C04F79EFBC}") = "Application", "Application\Application.csproj", "{FF700D2E-268B-4997-892E-DAF06DAD4C80}"
EndProject
Project("{FAE04EC0-301F-11D3-BF4B-00C04F79EFBC}") = "Presentation", "Presentation\Presentation.csproj", "{13C75B93-01D3-4C52-AA1A-5086CCFEC3A3}"
EndProject
Project("{FAE04EC0-301F-11D3-BF4B-00C04F79EFBC}") = "DataAccessLayer", "DataAccessLayer\DataAccessLayer.csproj", "{CCDD7AAC-A04C-4243-A45D-FD28963EC8FE}"
EndProject
Project("{FAE04EC0-301F-11D3-BF4B-00C04F79EFBC}") = "Services", "Services\Services.csproj", "{A5E211DB-FE09-4EC8-BF4A-F61276A36ACC}"
EndProject
Global
	GlobalSection(SolutionConfigurationPlatforms) = preSolution
		Debug|Any CPU = Debug|Any CPU
		Release|Any CPU = Release|Any CPU
	EndGlobalSection
	GlobalSection(ProjectConfigurationPlatforms) = postSolution
		{4315D370-CAA4-4106-BAF5-71EC7AF7F33E}.Debug|Any CPU.ActiveCfg = Debug|Any CPU
		{4315D370-CAA4-4106-BAF5-71EC7AF7F33E}.Debug|Any CPU.Build.0 = Debug|Any CPU
		{4315D370-CAA4-4106-BAF5-71EC7AF7F33E}.Release|Any CPU.ActiveCfg = Release|Any CPU
		{4315D370-CAA4-4106-BAF5-71EC7AF7F33E}.Release|Any CPU.Build.0 = Release|Any CPU
		{2317101F-4B67-4C86-9A6F-480D15C32D32}.Debug|Any CPU.ActiveCfg = Debug|Any CPU
		{2317101F-4B67-4C86-9A6F-480D15C32D32}.Debug|Any CPU.Build.0 = Debug|Any CPU
		{2317101F-4B67-4C86-9A6F-480D15C32D32}.Release|Any CPU.ActiveCfg = Release|Any CPU
		{2317101F-4B67-4C86-9A6F-480D15C32D32}.Release|Any CPU.Build.0 = Release|Any CPU
		{F697B5E9-BD29-4D10-AA3E-8C96EC250305}.Debug|Any CPU.ActiveCfg = Debug|Any CPU
		{F697B5E9-BD29-4D10-AA3E-8C96EC250305}.Debug|Any CPU.Build.0 = Debug|Any CPU
		{F697B5E9-BD29-4D10-AA3E-8C96EC250305}.Release|Any CPU.ActiveCfg = Release|Any CPU
		{F697B5E9-BD29-4D10-AA3E-8C96EC250305}.Release|Any CPU.Build.0 = Release|Any CPU
		{2E2E8404-160F-42BB-85D2-D67233D534CF}.Debug|Any CPU.ActiveCfg = Debug|Any CPU
		{2E2E8404-160F-42BB-85D2-D67233D534CF}.Debug|Any CPU.Build.0 = Debug|Any CPU
		{2E2E8404-160F-42BB-85D2-D67233D534CF}.Release|Any CPU.ActiveCfg = Release|Any CPU
		{2E2E8404-160F-42BB-85D2-D67233D534CF}.Release|Any CPU.Build.0 = Release|Any CPU
		{FF700D2E-268B-4997-892E-DAF06DAD4C80}.Debug|Any CPU.ActiveCfg = Debug|Any CPU
		{FF700D2E-268B-4997-892E-DAF06DAD4C80}.Debug|Any CPU.Build.0 = Debug|Any CPU
		{FF700D2E-268B-4997-892E-DAF06DAD4C80}.Release|Any CPU.ActiveCfg = Release|Any CPU
		{FF700D2E-268B-4997-892E-DAF06DAD4C80}.Release|Any CPU.Build.0 = Release|Any CPU
		{13C75B93-01D3-4C52-AA1A-5086CCFEC3A3}.Debug|Any CPU.ActiveCfg = Debug|Any CPU
		{13C75B93-01D3-4C52-AA1A-5086CCFEC3A3}.Debug|Any CPU.Build.0 = Debug|Any CPU
		{13C75B93-01D3-4C52-AA1A-5086CCFEC3A3}.Release|Any CPU.ActiveCfg = Release|Any CPU
		{13C75B93-01D3-4C52-AA1A-5086CCFEC3A3}.Release|Any CPU.Build.0 = Release|Any CPU
		{CCDD7AAC-A04C-4243-A45D-FD28963EC8FE}.Debug|Any CPU.ActiveCfg = Debug|Any CPU
		{CCDD7AAC-A04C-4243-A45D-FD28963EC8FE}.Debug|Any CPU.Build.0 = Debug|Any CPU
		{CCDD7AAC-A04C-4243-A45D-FD28963EC8FE}.Release|Any CPU.ActiveCfg = Release|Any CPU
		{CCDD7AAC-A04C-4243-A45D-FD28963EC8FE}.Release|Any CPU.Build.0 = Release|Any CPU
		{A5E211DB-FE09-4EC8-BF4A-F61276A36ACC}.Debug|Any CPU.ActiveCfg = Debug|Any CPU
		{A5E211DB-FE09-4EC8-BF4A-F61276A36ACC}.Debug|Any CPU.Build.0 = Debug|Any CPU
		{A5E211DB-FE09-4EC8-BF4A-F61276A36ACC}.Release|Any CPU.ActiveCfg = Release|Any CPU
		{A5E211DB-FE09-4EC8-BF4A-F61276A36ACC}.Release|Any CPU.Build.0 = Release|Any CPU
	EndGlobalSection
	GlobalSection(SolutionProperties) = preSolution
		HideSolutionNode = FALSE
	EndGlobalSection
	GlobalSection(NestedProjects) = preSolution
		{5B19CD9D-5BCB-4B1F-A392-0D546D796450} = {C96974E0-36E1-4416-8C9D-60D5DB23E48C}
		{D11390A4-E556-42E4-BD7F-853BCA3F69A3} = {C96974E0-36E1-4416-8C9D-60D5DB23E48C}
		{2D76B7DC-ED69-4C94-B02E-35F88A7649B6} = {C96974E0-36E1-4416-8C9D-60D5DB23E48C}
		{6AB3E4ED-55D8-4215-86EE-FAF44A0F707B} = {C96974E0-36E1-4416-8C9D-60D5DB23E48C}
		{C96974E0-36E1-4416-8C9D-60D5DB23E48C} = {A31E5257-1492-487B-96B1-371D9B48C17B}
		{669609DB-C39E-481C-AB89-7AA4908A49F6} = {A31E5257-1492-487B-96B1-371D9B48C17B}
		{A875A172-845C-4A81-9FF4-6BED07FFFC01} = {A31E5257-1492-487B-96B1-371D9B48C17B}
		{4315D370-CAA4-4106-BAF5-71EC7AF7F33E} = {669609DB-C39E-481C-AB89-7AA4908A49F6}
		{2317101F-4B67-4C86-9A6F-480D15C32D32} = {669609DB-C39E-481C-AB89-7AA4908A49F6}
		{F697B5E9-BD29-4D10-AA3E-8C96EC250305} = {A875A172-845C-4A81-9FF4-6BED07FFFC01}
		{2E2E8404-160F-42BB-85D2-D67233D534CF} = {5B19CD9D-5BCB-4B1F-A392-0D546D796450}
		{FF700D2E-268B-4997-892E-DAF06DAD4C80} = {5B19CD9D-5BCB-4B1F-A392-0D546D796450}
		{13C75B93-01D3-4C52-AA1A-5086CCFEC3A3} = {6AB3E4ED-55D8-4215-86EE-FAF44A0F707B}
		{CCDD7AAC-A04C-4243-A45D-FD28963EC8FE} = {D11390A4-E556-42E4-BD7F-853BCA3F69A3}
		{A5E211DB-FE09-4EC8-BF4A-F61276A36ACC} = {2D76B7DC-ED69-4C94-B02E-35F88A7649B6}
	EndGlobalSection
	GlobalSection(ExtensibilityGlobals) = postSolution
		SolutionGuid = {5D32E148-C320-4DDE-9EF8-8A08C90B794C}
	EndGlobalSection
EndGlobal
